
Microsoft Visual Studio Solution File, Format Version 12.00
# Visual Studio Version 17
VisualStudioVersion = 17.3.32901.215
MinimumVisualStudioVersion = 10.0.40219.1
Project("{FAE04EC0-301F-11D3-BF4B-00C04F79EFBC}") = "CW 23.06.21 Question", "CW 23.06.21 Question\CW 23.06.21 Question.csproj", "{9E11972C-109C-4720-9E3A-CD75F89353B6}"
EndProject
Global
	GlobalSection(SolutionConfigurationPlatforms) = preSolution
		Debug|Any CPU = Debug|Any CPU
		Release|Any CPU = Release|Any CPU
	EndGlobalSection
	GlobalSection(ProjectConfigurationPlatforms) = postSolution
		{9E11972C-109C-4720-9E3A-CD75F89353B6}.Debug|Any CPU.ActiveCfg = Debug|Any CPU
		{9E11972C-109C-4720-9E3A-CD75F89353B6}.Debug|Any CPU.Build.0 = Debug|Any CPU
		{9E11972C-109C-4720-9E3A-CD75F89353B6}.Release|Any CPU.ActiveCfg = Release|Any CPU
		{9E11972C-109C-4720-9E3A-CD75F89353B6}.Release|Any CPU.Build.0 = Release|Any CPU
	EndGlobalSection
	GlobalSection(SolutionProperties) = preSolution
		HideSolutionNode = FALSE
	EndGlobalSection
	GlobalSection(ExtensibilityGlobals) = postSolution
		SolutionGuid = {CC35C71D-0F20-4D73-869E-1CCF8126CD09}
	EndGlobalSection
EndGlobal
