
Microsoft Visual Studio Solution File, Format Version 12.00
# Visual Studio Version 17
VisualStudioVersion = 17.3.32901.215
MinimumVisualStudioVersion = 10.0.40219.1
Project("{FAE04EC0-301F-11D3-BF4B-00C04F79EFBC}") = "Peregruzka", "Peregruzka\Peregruzka.csproj", "{DB8F35C6-191F-4E56-8443-E482A6159E7B}"
EndProject
Global
	GlobalSection(SolutionConfigurationPlatforms) = preSolution
		Debug|Any CPU = Debug|Any CPU
		Release|Any CPU = Release|Any CPU
	EndGlobalSection
	GlobalSection(ProjectConfigurationPlatforms) = postSolution
		{DB8F35C6-191F-4E56-8443-E482A6159E7B}.Debug|Any CPU.ActiveCfg = Debug|Any CPU
		{DB8F35C6-191F-4E56-8443-E482A6159E7B}.Debug|Any CPU.Build.0 = Debug|Any CPU
		{DB8F35C6-191F-4E56-8443-E482A6159E7B}.Release|Any CPU.ActiveCfg = Release|Any CPU
		{DB8F35C6-191F-4E56-8443-E482A6159E7B}.Release|Any CPU.Build.0 = Release|Any CPU
	EndGlobalSection
	GlobalSection(SolutionProperties) = preSolution
		HideSolutionNode = FALSE
	EndGlobalSection
	GlobalSection(ExtensibilityGlobals) = postSolution
		SolutionGuid = {87EA524F-0FF1-4E50-AB4F-76D1283DD8F0}
	EndGlobalSection
EndGlobal
