
Microsoft Visual Studio Solution File, Format Version 12.00
# Visual Studio Version 17
VisualStudioVersion = 17.3.32901.215
MinimumVisualStudioVersion = 10.0.40219.1
Project("{FAE04EC0-301F-11D3-BF4B-00C04F79EFBC}") = "CW WF 23.07.23 Diagramm", "CW WF 23.07.23 Diagramm.csproj", "{C13FCEBC-024C-4E96-BD04-D0D9B37CE8A2}"
EndProject
Global
	GlobalSection(SolutionConfigurationPlatforms) = preSolution
		Debug|Any CPU = Debug|Any CPU
		Release|Any CPU = Release|Any CPU
	EndGlobalSection
	GlobalSection(ProjectConfigurationPlatforms) = postSolution
		{C13FCEBC-024C-4E96-BD04-D0D9B37CE8A2}.Debug|Any CPU.ActiveCfg = Debug|Any CPU
		{C13FCEBC-024C-4E96-BD04-D0D9B37CE8A2}.Debug|Any CPU.Build.0 = Debug|Any CPU
		{C13FCEBC-024C-4E96-BD04-D0D9B37CE8A2}.Release|Any CPU.ActiveCfg = Release|Any CPU
		{C13FCEBC-024C-4E96-BD04-D0D9B37CE8A2}.Release|Any CPU.Build.0 = Release|Any CPU
	EndGlobalSection
	GlobalSection(SolutionProperties) = preSolution
		HideSolutionNode = FALSE
	EndGlobalSection
	GlobalSection(ExtensibilityGlobals) = postSolution
		SolutionGuid = {B33377B8-9AD6-466A-8283-26104E96FA34}
	EndGlobalSection
EndGlobal
