
Microsoft Visual Studio Solution File, Format Version 12.00
# Visual Studio Version 16
VisualStudioVersion = 25.0.1705.6
MinimumVisualStudioVersion = 10.0.40219.1
Project("{FAE04EC0-301F-11D3-BF4B-00C04F79EFBC}") = "HW 31.05.23 massive", "HW 31.05.23 massive.csproj", "{B06157EE-108D-4FCD-8950-B5D6966826FD}"
EndProject
Project("{FAE04EC0-301F-11D3-BF4B-00C04F79EFBC}") = "2", "..\2\2.csproj", "{2C4CC575-DD2A-44A5-AFF0-67C5CD5EED1F}"
EndProject
Global
	GlobalSection(SolutionConfigurationPlatforms) = preSolution
		Debug|Any CPU = Debug|Any CPU
		Release|Any CPU = Release|Any CPU
	EndGlobalSection
	GlobalSection(ProjectConfigurationPlatforms) = postSolution
		{B06157EE-108D-4FCD-8950-B5D6966826FD}.Debug|Any CPU.ActiveCfg = Debug|Any CPU
		{B06157EE-108D-4FCD-8950-B5D6966826FD}.Debug|Any CPU.Build.0 = Debug|Any CPU
		{B06157EE-108D-4FCD-8950-B5D6966826FD}.Release|Any CPU.ActiveCfg = Release|Any CPU
		{B06157EE-108D-4FCD-8950-B5D6966826FD}.Release|Any CPU.Build.0 = Release|Any CPU
		{2C4CC575-DD2A-44A5-AFF0-67C5CD5EED1F}.Debug|Any CPU.ActiveCfg = Debug|Any CPU
		{2C4CC575-DD2A-44A5-AFF0-67C5CD5EED1F}.Debug|Any CPU.Build.0 = Debug|Any CPU
		{2C4CC575-DD2A-44A5-AFF0-67C5CD5EED1F}.Release|Any CPU.ActiveCfg = Release|Any CPU
		{2C4CC575-DD2A-44A5-AFF0-67C5CD5EED1F}.Release|Any CPU.Build.0 = Release|Any CPU
	EndGlobalSection
	GlobalSection(SolutionProperties) = preSolution
		HideSolutionNode = FALSE
	EndGlobalSection
	GlobalSection(ExtensibilityGlobals) = postSolution
		SolutionGuid = {7781801E-65B0-43C8-B8B2-98F26EBC9284}
	EndGlobalSection
EndGlobal
