
Microsoft Visual Studio Solution File, Format Version 12.00
# Visual Studio Version 17
VisualStudioVersion = 17.3.32901.215
MinimumVisualStudioVersion = 10.0.40219.1
Project("{FAE04EC0-301F-11D3-BF4B-00C04F79EFBC}") = "CW 23.07.17 Constructor", "CW 23.07.17 Constructor.csproj", "{BC4C7502-B69F-4821-8701-A9F5337F789A}"
EndProject
Global
	GlobalSection(SolutionConfigurationPlatforms) = preSolution
		Debug|Any CPU = Debug|Any CPU
		Release|Any CPU = Release|Any CPU
	EndGlobalSection
	GlobalSection(ProjectConfigurationPlatforms) = postSolution
		{BC4C7502-B69F-4821-8701-A9F5337F789A}.Debug|Any CPU.ActiveCfg = Debug|Any CPU
		{BC4C7502-B69F-4821-8701-A9F5337F789A}.Debug|Any CPU.Build.0 = Debug|Any CPU
		{BC4C7502-B69F-4821-8701-A9F5337F789A}.Release|Any CPU.ActiveCfg = Release|Any CPU
		{BC4C7502-B69F-4821-8701-A9F5337F789A}.Release|Any CPU.Build.0 = Release|Any CPU
	EndGlobalSection
	GlobalSection(SolutionProperties) = preSolution
		HideSolutionNode = FALSE
	EndGlobalSection
	GlobalSection(ExtensibilityGlobals) = postSolution
		SolutionGuid = {8278F784-0635-4D88-9B49-626672F34A4F}
	EndGlobalSection
EndGlobal
