
Microsoft Visual Studio Solution File, Format Version 12.00
# Visual Studio Version 16
VisualStudioVersion = 25.0.1705.3
MinimumVisualStudioVersion = 10.0.40219.1
Project("{FAE04EC0-301F-11D3-BF4B-00C04F79EFBC}") = "FileReader", "FileReader.csproj", "{FD4C180F-D475-4BBF-AB4D-B6EBF4B05AE3}"
EndProject
Global
	GlobalSection(SolutionConfigurationPlatforms) = preSolution
		Debug|Any CPU = Debug|Any CPU
		Release|Any CPU = Release|Any CPU
	EndGlobalSection
	GlobalSection(ProjectConfigurationPlatforms) = postSolution
		{FD4C180F-D475-4BBF-AB4D-B6EBF4B05AE3}.Debug|Any CPU.ActiveCfg = Debug|Any CPU
		{FD4C180F-D475-4BBF-AB4D-B6EBF4B05AE3}.Debug|Any CPU.Build.0 = Debug|Any CPU
		{FD4C180F-D475-4BBF-AB4D-B6EBF4B05AE3}.Release|Any CPU.ActiveCfg = Release|Any CPU
		{FD4C180F-D475-4BBF-AB4D-B6EBF4B05AE3}.Release|Any CPU.Build.0 = Release|Any CPU
	EndGlobalSection
	GlobalSection(SolutionProperties) = preSolution
		HideSolutionNode = FALSE
	EndGlobalSection
	GlobalSection(ExtensibilityGlobals) = postSolution
		SolutionGuid = {7CF11C8D-D917-42D3-AE17-1EBDDAE09AD6}
	EndGlobalSection
EndGlobal
