
Microsoft Visual Studio Solution File, Format Version 12.00
# Visual Studio Version 17
VisualStudioVersion = 17.3.32901.215
MinimumVisualStudioVersion = 10.0.40219.1
Project("{FAE04EC0-301F-11D3-BF4B-00C04F79EFBC}") = "CW 23.07.19 Turniket", "CW 23.07.19 Turniket.csproj", "{A6187CE8-0822-4CB6-9E99-235BA2701881}"
EndProject
Global
	GlobalSection(SolutionConfigurationPlatforms) = preSolution
		Debug|Any CPU = Debug|Any CPU
		Release|Any CPU = Release|Any CPU
	EndGlobalSection
	GlobalSection(ProjectConfigurationPlatforms) = postSolution
		{A6187CE8-0822-4CB6-9E99-235BA2701881}.Debug|Any CPU.ActiveCfg = Debug|Any CPU
		{A6187CE8-0822-4CB6-9E99-235BA2701881}.Debug|Any CPU.Build.0 = Debug|Any CPU
		{A6187CE8-0822-4CB6-9E99-235BA2701881}.Release|Any CPU.ActiveCfg = Release|Any CPU
		{A6187CE8-0822-4CB6-9E99-235BA2701881}.Release|Any CPU.Build.0 = Release|Any CPU
	EndGlobalSection
	GlobalSection(SolutionProperties) = preSolution
		HideSolutionNode = FALSE
	EndGlobalSection
	GlobalSection(ExtensibilityGlobals) = postSolution
		SolutionGuid = {46E6B68E-DD0F-4733-844C-539764A5841B}
	EndGlobalSection
EndGlobal
