
Microsoft Visual Studio Solution File, Format Version 12.00
# Visual Studio Version 16
VisualStudioVersion = 25.0.1706.0
MinimumVisualStudioVersion = 10.0.40219.1
Project("{FAE04EC0-301F-11D3-BF4B-00C04F79EFBC}") = "HW Platform 26.06.23 Files", "HW Platform 26.06.23 Files.csproj", "{E511DE63-7D4E-4CFC-A23D-EACA124ECFCD}"
EndProject
Project("{FAE04EC0-301F-11D3-BF4B-00C04F79EFBC}") = "1", "..\1\1.csproj", "{8BDBC03F-0E54-4481-9A5B-A0D4F3F7BF50}"
EndProject
Global
	GlobalSection(SolutionConfigurationPlatforms) = preSolution
		Debug|Any CPU = Debug|Any CPU
		Release|Any CPU = Release|Any CPU
	EndGlobalSection
	GlobalSection(ProjectConfigurationPlatforms) = postSolution
		{E511DE63-7D4E-4CFC-A23D-EACA124ECFCD}.Debug|Any CPU.ActiveCfg = Debug|Any CPU
		{E511DE63-7D4E-4CFC-A23D-EACA124ECFCD}.Debug|Any CPU.Build.0 = Debug|Any CPU
		{E511DE63-7D4E-4CFC-A23D-EACA124ECFCD}.Release|Any CPU.ActiveCfg = Release|Any CPU
		{E511DE63-7D4E-4CFC-A23D-EACA124ECFCD}.Release|Any CPU.Build.0 = Release|Any CPU
		{8BDBC03F-0E54-4481-9A5B-A0D4F3F7BF50}.Debug|Any CPU.ActiveCfg = Debug|Any CPU
		{8BDBC03F-0E54-4481-9A5B-A0D4F3F7BF50}.Debug|Any CPU.Build.0 = Debug|Any CPU
		{8BDBC03F-0E54-4481-9A5B-A0D4F3F7BF50}.Release|Any CPU.ActiveCfg = Release|Any CPU
		{8BDBC03F-0E54-4481-9A5B-A0D4F3F7BF50}.Release|Any CPU.Build.0 = Release|Any CPU
	EndGlobalSection
	GlobalSection(SolutionProperties) = preSolution
		HideSolutionNode = FALSE
	EndGlobalSection
	GlobalSection(ExtensibilityGlobals) = postSolution
		SolutionGuid = {7DF23589-E85F-4073-B839-E26C7FD24253}
	EndGlobalSection
EndGlobal
