
Microsoft Visual Studio Solution File, Format Version 12.00
# Visual Studio Version 17
VisualStudioVersion = 17.3.32901.215
MinimumVisualStudioVersion = 10.0.40219.1
Project("{FAE04EC0-301F-11D3-BF4B-00C04F79EFBC}") = "Virtual_Indeksator", "Virtual_Indeksator\Virtual_Indeksator.csproj", "{BCF98F51-8746-4BF4-BA20-792E9EFAD6FD}"
EndProject
Global
	GlobalSection(SolutionConfigurationPlatforms) = preSolution
		Debug|Any CPU = Debug|Any CPU
		Release|Any CPU = Release|Any CPU
	EndGlobalSection
	GlobalSection(ProjectConfigurationPlatforms) = postSolution
		{BCF98F51-8746-4BF4-BA20-792E9EFAD6FD}.Debug|Any CPU.ActiveCfg = Debug|Any CPU
		{BCF98F51-8746-4BF4-BA20-792E9EFAD6FD}.Debug|Any CPU.Build.0 = Debug|Any CPU
		{BCF98F51-8746-4BF4-BA20-792E9EFAD6FD}.Release|Any CPU.ActiveCfg = Release|Any CPU
		{BCF98F51-8746-4BF4-BA20-792E9EFAD6FD}.Release|Any CPU.Build.0 = Release|Any CPU
	EndGlobalSection
	GlobalSection(SolutionProperties) = preSolution
		HideSolutionNode = FALSE
	EndGlobalSection
	GlobalSection(ExtensibilityGlobals) = postSolution
		SolutionGuid = {4A6B6251-981B-49B2-B8FC-46A514D02372}
	EndGlobalSection
EndGlobal
