
Microsoft Visual Studio Solution File, Format Version 12.00
# Visual Studio Version 16
VisualStudioVersion = 25.0.1706.1
MinimumVisualStudioVersion = 10.0.40219.1
Project("{FAE04EC0-301F-11D3-BF4B-00C04F79EFBC}") = "HW 23.07.25 PairRectangle", "HW 23.07.25 PairRectangle.csproj", "{465FB75C-BBC3-4CAA-8A01-F3180A5AFE21}"
EndProject
Global
	GlobalSection(SolutionConfigurationPlatforms) = preSolution
		Debug|Any CPU = Debug|Any CPU
		Release|Any CPU = Release|Any CPU
	EndGlobalSection
	GlobalSection(ProjectConfigurationPlatforms) = postSolution
		{465FB75C-BBC3-4CAA-8A01-F3180A5AFE21}.Debug|Any CPU.ActiveCfg = Debug|Any CPU
		{465FB75C-BBC3-4CAA-8A01-F3180A5AFE21}.Debug|Any CPU.Build.0 = Debug|Any CPU
		{465FB75C-BBC3-4CAA-8A01-F3180A5AFE21}.Release|Any CPU.ActiveCfg = Release|Any CPU
		{465FB75C-BBC3-4CAA-8A01-F3180A5AFE21}.Release|Any CPU.Build.0 = Release|Any CPU
	EndGlobalSection
	GlobalSection(SolutionProperties) = preSolution
		HideSolutionNode = FALSE
	EndGlobalSection
	GlobalSection(ExtensibilityGlobals) = postSolution
		SolutionGuid = {65D9632C-A66C-4DC9-9182-C2672E79BBB5}
	EndGlobalSection
EndGlobal
