
Microsoft Visual Studio Solution File, Format Version 12.00
# Visual Studio Version 17
VisualStudioVersion = 17.3.32901.215
MinimumVisualStudioVersion = 10.0.40219.1
Project("{FAE04EC0-301F-11D3-BF4B-00C04F79EFBC}") = "CW WF 23.06.19 Settingss", "CW WF 23.06.19 Settingss\CW WF 23.06.19 Settingss.csproj", "{3C29E4BA-9E1D-4B64-A1AD-61E787882B35}"
EndProject
Global
	GlobalSection(SolutionConfigurationPlatforms) = preSolution
		Debug|Any CPU = Debug|Any CPU
		Release|Any CPU = Release|Any CPU
	EndGlobalSection
	GlobalSection(ProjectConfigurationPlatforms) = postSolution
		{3C29E4BA-9E1D-4B64-A1AD-61E787882B35}.Debug|Any CPU.ActiveCfg = Debug|Any CPU
		{3C29E4BA-9E1D-4B64-A1AD-61E787882B35}.Debug|Any CPU.Build.0 = Debug|Any CPU
		{3C29E4BA-9E1D-4B64-A1AD-61E787882B35}.Release|Any CPU.ActiveCfg = Release|Any CPU
		{3C29E4BA-9E1D-4B64-A1AD-61E787882B35}.Release|Any CPU.Build.0 = Release|Any CPU
	EndGlobalSection
	GlobalSection(SolutionProperties) = preSolution
		HideSolutionNode = FALSE
	EndGlobalSection
	GlobalSection(ExtensibilityGlobals) = postSolution
		SolutionGuid = {125F5490-2E81-4402-AE0A-F8F1FC4A0C49}
	EndGlobalSection
EndGlobal
