
Microsoft Visual Studio Solution File, Format Version 12.00
# Visual Studio Version 16
VisualStudioVersion = 25.0.1705.6
MinimumVisualStudioVersion = 10.0.40219.1
Project("{FAE04EC0-301F-11D3-BF4B-00C04F79EFBC}") = "HW 05.06.23 Split", "HW 05.06.23 Split.csproj", "{3D95F4E2-BA04-4511-BAF6-45F5FDD5993B}"
EndProject
Project("{FAE04EC0-301F-11D3-BF4B-00C04F79EFBC}") = "1", "..\1\1.csproj", "{8A92B400-5422-4D12-9B26-38AC686408A9}"
EndProject
Project("{FAE04EC0-301F-11D3-BF4B-00C04F79EFBC}") = "2", "..\2\2.csproj", "{E7C24325-3EA5-4839-8899-0AC9424B3F3F}"
EndProject
Global
	GlobalSection(SolutionConfigurationPlatforms) = preSolution
		Debug|Any CPU = Debug|Any CPU
		Release|Any CPU = Release|Any CPU
	EndGlobalSection
	GlobalSection(ProjectConfigurationPlatforms) = postSolution
		{3D95F4E2-BA04-4511-BAF6-45F5FDD5993B}.Debug|Any CPU.ActiveCfg = Debug|Any CPU
		{3D95F4E2-BA04-4511-BAF6-45F5FDD5993B}.Debug|Any CPU.Build.0 = Debug|Any CPU
		{3D95F4E2-BA04-4511-BAF6-45F5FDD5993B}.Release|Any CPU.ActiveCfg = Release|Any CPU
		{3D95F4E2-BA04-4511-BAF6-45F5FDD5993B}.Release|Any CPU.Build.0 = Release|Any CPU
		{8A92B400-5422-4D12-9B26-38AC686408A9}.Debug|Any CPU.ActiveCfg = Debug|Any CPU
		{8A92B400-5422-4D12-9B26-38AC686408A9}.Debug|Any CPU.Build.0 = Debug|Any CPU
		{8A92B400-5422-4D12-9B26-38AC686408A9}.Release|Any CPU.ActiveCfg = Release|Any CPU
		{8A92B400-5422-4D12-9B26-38AC686408A9}.Release|Any CPU.Build.0 = Release|Any CPU
		{E7C24325-3EA5-4839-8899-0AC9424B3F3F}.Debug|Any CPU.ActiveCfg = Debug|Any CPU
		{E7C24325-3EA5-4839-8899-0AC9424B3F3F}.Debug|Any CPU.Build.0 = Debug|Any CPU
		{E7C24325-3EA5-4839-8899-0AC9424B3F3F}.Release|Any CPU.ActiveCfg = Release|Any CPU
		{E7C24325-3EA5-4839-8899-0AC9424B3F3F}.Release|Any CPU.Build.0 = Release|Any CPU
	EndGlobalSection
	GlobalSection(SolutionProperties) = preSolution
		HideSolutionNode = FALSE
	EndGlobalSection
	GlobalSection(ExtensibilityGlobals) = postSolution
		SolutionGuid = {06D0CCDA-FAF7-43EE-A532-0F89D34002A2}
	EndGlobalSection
EndGlobal
