
Microsoft Visual Studio Solution File, Format Version 12.00
# Visual Studio Version 17
VisualStudioVersion = 17.3.32901.215
MinimumVisualStudioVersion = 10.0.40219.1
Project("{FAE04EC0-301F-11D3-BF4B-00C04F79EFBC}") = "Zhalusi", "Zhalusi\Zhalusi.csproj", "{F7F52537-312F-400D-8F62-5187804ABF5C}"
EndProject
Global
	GlobalSection(SolutionConfigurationPlatforms) = preSolution
		Debug|Any CPU = Debug|Any CPU
		Release|Any CPU = Release|Any CPU
	EndGlobalSection
	GlobalSection(ProjectConfigurationPlatforms) = postSolution
		{F7F52537-312F-400D-8F62-5187804ABF5C}.Debug|Any CPU.ActiveCfg = Debug|Any CPU
		{F7F52537-312F-400D-8F62-5187804ABF5C}.Debug|Any CPU.Build.0 = Debug|Any CPU
		{F7F52537-312F-400D-8F62-5187804ABF5C}.Release|Any CPU.ActiveCfg = Release|Any CPU
		{F7F52537-312F-400D-8F62-5187804ABF5C}.Release|Any CPU.Build.0 = Release|Any CPU
	EndGlobalSection
	GlobalSection(SolutionProperties) = preSolution
		HideSolutionNode = FALSE
	EndGlobalSection
	GlobalSection(ExtensibilityGlobals) = postSolution
		SolutionGuid = {F0EEC4C4-ED70-46EF-9257-356C43D0F26B}
	EndGlobalSection
EndGlobal
