
Microsoft Visual Studio Solution File, Format Version 12.00
# Visual Studio Version 16
VisualStudioVersion = 25.0.1705.5
MinimumVisualStudioVersion = 10.0.40219.1
Project("{FAE04EC0-301F-11D3-BF4B-00C04F79EFBC}") = "Calculator", "Calculator.csproj", "{2671934E-7F25-4759-851F-60053083EDE0}"
EndProject
Project("{FAE04EC0-301F-11D3-BF4B-00C04F79EFBC}") = "2", "..\2\2.csproj", "{F4CFE02A-76EA-49E9-8A53-CB6EFD765A88}"
EndProject
Global
	GlobalSection(SolutionConfigurationPlatforms) = preSolution
		Debug|Any CPU = Debug|Any CPU
		Release|Any CPU = Release|Any CPU
	EndGlobalSection
	GlobalSection(ProjectConfigurationPlatforms) = postSolution
		{2671934E-7F25-4759-851F-60053083EDE0}.Debug|Any CPU.ActiveCfg = Debug|Any CPU
		{2671934E-7F25-4759-851F-60053083EDE0}.Debug|Any CPU.Build.0 = Debug|Any CPU
		{2671934E-7F25-4759-851F-60053083EDE0}.Release|Any CPU.ActiveCfg = Release|Any CPU
		{2671934E-7F25-4759-851F-60053083EDE0}.Release|Any CPU.Build.0 = Release|Any CPU
		{F4CFE02A-76EA-49E9-8A53-CB6EFD765A88}.Debug|Any CPU.ActiveCfg = Debug|Any CPU
		{F4CFE02A-76EA-49E9-8A53-CB6EFD765A88}.Debug|Any CPU.Build.0 = Debug|Any CPU
		{F4CFE02A-76EA-49E9-8A53-CB6EFD765A88}.Release|Any CPU.ActiveCfg = Release|Any CPU
		{F4CFE02A-76EA-49E9-8A53-CB6EFD765A88}.Release|Any CPU.Build.0 = Release|Any CPU
	EndGlobalSection
	GlobalSection(SolutionProperties) = preSolution
		HideSolutionNode = FALSE
	EndGlobalSection
	GlobalSection(ExtensibilityGlobals) = postSolution
		SolutionGuid = {43572994-3930-42B6-8CFE-FF187B6CC6A1}
	EndGlobalSection
EndGlobal
