
Microsoft Visual Studio Solution File, Format Version 12.00
# Visual Studio Version 16
VisualStudioVersion = 25.0.1705.5
MinimumVisualStudioVersion = 10.0.40219.1
Project("{FAE04EC0-301F-11D3-BF4B-00C04F79EFBC}") = "switch 2", "switch 2.csproj", "{D6BDCEFE-4314-4C87-9177-AF1684375665}"
EndProject
Project("{FAE04EC0-301F-11D3-BF4B-00C04F79EFBC}") = "2", "..\2\2.csproj", "{FA4DC0E7-BB64-468A-95D4-C687B823EF24}"
EndProject
Global
	GlobalSection(SolutionConfigurationPlatforms) = preSolution
		Debug|Any CPU = Debug|Any CPU
		Release|Any CPU = Release|Any CPU
	EndGlobalSection
	GlobalSection(ProjectConfigurationPlatforms) = postSolution
		{D6BDCEFE-4314-4C87-9177-AF1684375665}.Debug|Any CPU.ActiveCfg = Debug|Any CPU
		{D6BDCEFE-4314-4C87-9177-AF1684375665}.Debug|Any CPU.Build.0 = Debug|Any CPU
		{D6BDCEFE-4314-4C87-9177-AF1684375665}.Release|Any CPU.ActiveCfg = Release|Any CPU
		{D6BDCEFE-4314-4C87-9177-AF1684375665}.Release|Any CPU.Build.0 = Release|Any CPU
		{FA4DC0E7-BB64-468A-95D4-C687B823EF24}.Debug|Any CPU.ActiveCfg = Debug|Any CPU
		{FA4DC0E7-BB64-468A-95D4-C687B823EF24}.Debug|Any CPU.Build.0 = Debug|Any CPU
		{FA4DC0E7-BB64-468A-95D4-C687B823EF24}.Release|Any CPU.ActiveCfg = Release|Any CPU
		{FA4DC0E7-BB64-468A-95D4-C687B823EF24}.Release|Any CPU.Build.0 = Release|Any CPU
	EndGlobalSection
	GlobalSection(SolutionProperties) = preSolution
		HideSolutionNode = FALSE
	EndGlobalSection
	GlobalSection(ExtensibilityGlobals) = postSolution
		SolutionGuid = {84F93ACC-9D33-48F4-8962-EB57FB8A4BB3}
	EndGlobalSection
EndGlobal
