
Microsoft Visual Studio Solution File, Format Version 12.00
# Visual Studio Version 17
VisualStudioVersion = 17.3.32901.215
MinimumVisualStudioVersion = 10.0.40219.1
Project("{FAE04EC0-301F-11D3-BF4B-00C04F79EFBC}") = "CW 23.06.19 Timer", "CW 23.06.19 Timer\CW 23.06.19 Timer.csproj", "{AC6CB12B-F35B-462E-872C-C0F9932CB1C7}"
EndProject
Global
	GlobalSection(SolutionConfigurationPlatforms) = preSolution
		Debug|Any CPU = Debug|Any CPU
		Release|Any CPU = Release|Any CPU
	EndGlobalSection
	GlobalSection(ProjectConfigurationPlatforms) = postSolution
		{AC6CB12B-F35B-462E-872C-C0F9932CB1C7}.Debug|Any CPU.ActiveCfg = Debug|Any CPU
		{AC6CB12B-F35B-462E-872C-C0F9932CB1C7}.Debug|Any CPU.Build.0 = Debug|Any CPU
		{AC6CB12B-F35B-462E-872C-C0F9932CB1C7}.Release|Any CPU.ActiveCfg = Release|Any CPU
		{AC6CB12B-F35B-462E-872C-C0F9932CB1C7}.Release|Any CPU.Build.0 = Release|Any CPU
	EndGlobalSection
	GlobalSection(SolutionProperties) = preSolution
		HideSolutionNode = FALSE
	EndGlobalSection
	GlobalSection(ExtensibilityGlobals) = postSolution
		SolutionGuid = {08F802A2-59B0-4169-935E-43C19400A5D0}
	EndGlobalSection
EndGlobal
