
Microsoft Visual Studio Solution File, Format Version 12.00
# Visual Studio Version 17
VisualStudioVersion = 17.3.32901.215
MinimumVisualStudioVersion = 10.0.40219.1
Project("{FAE04EC0-301F-11D3-BF4B-00C04F79EFBC}") = "CW 23.05.29 FileManager", "CW 23.05.29 FileManager\CW 23.05.29 FileManager.csproj", "{FE856446-80F0-4817-9A2D-BE1796208A75}"
EndProject
Global
	GlobalSection(SolutionConfigurationPlatforms) = preSolution
		Debug|Any CPU = Debug|Any CPU
		Release|Any CPU = Release|Any CPU
	EndGlobalSection
	GlobalSection(ProjectConfigurationPlatforms) = postSolution
		{FE856446-80F0-4817-9A2D-BE1796208A75}.Debug|Any CPU.ActiveCfg = Debug|Any CPU
		{FE856446-80F0-4817-9A2D-BE1796208A75}.Debug|Any CPU.Build.0 = Debug|Any CPU
		{FE856446-80F0-4817-9A2D-BE1796208A75}.Release|Any CPU.ActiveCfg = Release|Any CPU
		{FE856446-80F0-4817-9A2D-BE1796208A75}.Release|Any CPU.Build.0 = Release|Any CPU
	EndGlobalSection
	GlobalSection(SolutionProperties) = preSolution
		HideSolutionNode = FALSE
	EndGlobalSection
	GlobalSection(ExtensibilityGlobals) = postSolution
		SolutionGuid = {789AEF1A-02E8-4A6A-95C7-1B37CA792642}
	EndGlobalSection
EndGlobal
