
Microsoft Visual Studio Solution File, Format Version 12.00
# Visual Studio Version 17
VisualStudioVersion = 17.3.32901.215
MinimumVisualStudioVersion = 10.0.40219.1
Project("{FAE04EC0-301F-11D3-BF4B-00C04F79EFBC}") = "NewGroup", "NewGroup\NewGroup.csproj", "{7D2140DC-6863-47CF-AF38-403C7BB56B78}"
EndProject
Project("{FAE04EC0-301F-11D3-BF4B-00C04F79EFBC}") = "abstracttt", "abstracttt\abstracttt.csproj", "{7E950297-3CF1-4283-A5A2-B7EA0081D19F}"
EndProject
Global
	GlobalSection(SolutionConfigurationPlatforms) = preSolution
		Debug|Any CPU = Debug|Any CPU
		Release|Any CPU = Release|Any CPU
	EndGlobalSection
	GlobalSection(ProjectConfigurationPlatforms) = postSolution
		{7D2140DC-6863-47CF-AF38-403C7BB56B78}.Debug|Any CPU.ActiveCfg = Debug|Any CPU
		{7D2140DC-6863-47CF-AF38-403C7BB56B78}.Debug|Any CPU.Build.0 = Debug|Any CPU
		{7D2140DC-6863-47CF-AF38-403C7BB56B78}.Release|Any CPU.ActiveCfg = Release|Any CPU
		{7D2140DC-6863-47CF-AF38-403C7BB56B78}.Release|Any CPU.Build.0 = Release|Any CPU
		{7E950297-3CF1-4283-A5A2-B7EA0081D19F}.Debug|Any CPU.ActiveCfg = Debug|Any CPU
		{7E950297-3CF1-4283-A5A2-B7EA0081D19F}.Debug|Any CPU.Build.0 = Debug|Any CPU
		{7E950297-3CF1-4283-A5A2-B7EA0081D19F}.Release|Any CPU.ActiveCfg = Release|Any CPU
		{7E950297-3CF1-4283-A5A2-B7EA0081D19F}.Release|Any CPU.Build.0 = Release|Any CPU
	EndGlobalSection
	GlobalSection(SolutionProperties) = preSolution
		HideSolutionNode = FALSE
	EndGlobalSection
	GlobalSection(ExtensibilityGlobals) = postSolution
		SolutionGuid = {720D0C57-26AD-436C-8810-A68DAC5E16BA}
	EndGlobalSection
EndGlobal
