
Microsoft Visual Studio Solution File, Format Version 12.00
# Visual Studio Version 17
VisualStudioVersion = 17.3.32901.215
MinimumVisualStudioVersion = 10.0.40219.1
Project("{FAE04EC0-301F-11D3-BF4B-00C04F79EFBC}") = "FOTO", "FOTO\FOTO.csproj", "{F8FC14D4-9F21-4879-8204-9ED8CC258923}"
EndProject
Global
	GlobalSection(SolutionConfigurationPlatforms) = preSolution
		Debug|Any CPU = Debug|Any CPU
		Release|Any CPU = Release|Any CPU
	EndGlobalSection
	GlobalSection(ProjectConfigurationPlatforms) = postSolution
		{F8FC14D4-9F21-4879-8204-9ED8CC258923}.Debug|Any CPU.ActiveCfg = Debug|Any CPU
		{F8FC14D4-9F21-4879-8204-9ED8CC258923}.Debug|Any CPU.Build.0 = Debug|Any CPU
		{F8FC14D4-9F21-4879-8204-9ED8CC258923}.Release|Any CPU.ActiveCfg = Release|Any CPU
		{F8FC14D4-9F21-4879-8204-9ED8CC258923}.Release|Any CPU.Build.0 = Release|Any CPU
	EndGlobalSection
	GlobalSection(SolutionProperties) = preSolution
		HideSolutionNode = FALSE
	EndGlobalSection
	GlobalSection(ExtensibilityGlobals) = postSolution
		SolutionGuid = {370A138F-01CA-4A15-A895-218EC0F3D6F8}
	EndGlobalSection
EndGlobal
