
Microsoft Visual Studio Solution File, Format Version 12.00
# Visual Studio Version 17
VisualStudioVersion = 17.3.32901.215
MinimumVisualStudioVersion = 10.0.40219.1
Project("{FAE04EC0-301F-11D3-BF4B-00C04F79EFBC}") = "CW 23.05.15 Files", "CW 23.05.15 Files\CW 23.05.15 Files.csproj", "{93A40D0E-6D4C-4732-8E89-B774D0958969}"
EndProject
Global
	GlobalSection(SolutionConfigurationPlatforms) = preSolution
		Debug|Any CPU = Debug|Any CPU
		Release|Any CPU = Release|Any CPU
	EndGlobalSection
	GlobalSection(ProjectConfigurationPlatforms) = postSolution
		{93A40D0E-6D4C-4732-8E89-B774D0958969}.Debug|Any CPU.ActiveCfg = Debug|Any CPU
		{93A40D0E-6D4C-4732-8E89-B774D0958969}.Debug|Any CPU.Build.0 = Debug|Any CPU
		{93A40D0E-6D4C-4732-8E89-B774D0958969}.Release|Any CPU.ActiveCfg = Release|Any CPU
		{93A40D0E-6D4C-4732-8E89-B774D0958969}.Release|Any CPU.Build.0 = Release|Any CPU
	EndGlobalSection
	GlobalSection(SolutionProperties) = preSolution
		HideSolutionNode = FALSE
	EndGlobalSection
	GlobalSection(ExtensibilityGlobals) = postSolution
		SolutionGuid = {55A97E20-1366-4651-8099-278826011A6C}
	EndGlobalSection
EndGlobal
